// !$*UTF8*$!
{
	archiveVersion = 1;
	classes = {
	};
	objectVersion = 46;
	objects = {

/* Begin PBXBuildFile section */
		1431F4CB1BB4E2A2005149D5 /* main.m in Sources */ = {isa = PBXBuildFile; fileRef = 1431F4CA1BB4E2A2005149D5 /* main.m */; };
		1431F4CE1BB4E2A2005149D5 /* AppDelegate.m in Sources */ = {isa = PBXBuildFile; fileRef = 1431F4CD1BB4E2A2005149D5 /* AppDelegate.m */; };
		1431F4D11BB4E2A2005149D5 /* ViewController.m in Sources */ = {isa = PBXBuildFile; fileRef = 1431F4D01BB4E2A2005149D5 /* ViewController.m */; };
		1431F4D41BB4E2A2005149D5 /* Main.storyboard in Resources */ = {isa = PBXBuildFile; fileRef = 1431F4D21BB4E2A2005149D5 /* Main.storyboard */; };
		1431F4D71BB4E2A2005149D5 /* TestPro.xcdatamodeld in Sources */ = {isa = PBXBuildFile; fileRef = 1431F4D51BB4E2A2005149D5 /* TestPro.xcdatamodeld */; };
		1431F4D91BB4E2A2005149D5 /* Assets.xcassets in Resources */ = {isa = PBXBuildFile; fileRef = 1431F4D81BB4E2A2005149D5 /* Assets.xcassets */; };
		1431F4DC1BB4E2A2005149D5 /* LaunchScreen.storyboard in Resources */ = {isa = PBXBuildFile; fileRef = 1431F4DA1BB4E2A2005149D5 /* LaunchScreen.storyboard */; };
		1431F4E71BB4E2A2005149D5 /* TestProTests.m in Sources */ = {isa = PBXBuildFile; fileRef = 1431F4E61BB4E2A2005149D5 /* TestProTests.m */; };
		1431F4F21BB4E2A2005149D5 /* TestProUITests.m in Sources */ = {isa = PBXBuildFile; fileRef = 1431F4F11BB4E2A2005149D5 /* TestProUITests.m */; };
		1431F5021BB4E7D5005149D5 /* AVFoundation.framework in Frameworks */ = {isa = PBXBuildFile; fileRef = 1431F5011BB4E7D5005149D5 /* AVFoundation.framework */; };
		1431F5041BB4E7DE005149D5 /* AVKit.framework in Frameworks */ = {isa = PBXBuildFile; fileRef = 1431F5031BB4E7DE005149D5 /* AVKit.framework */; };
		14AE2E4A1BB8D37300833840 /* 1938.mp4 in Resources */ = {isa = PBXBuildFile; fileRef = 14AE2E491BB8D37300833840 /* 1938.mp4 */; settings = {ASSET_TAGS = (); }; };
		14AE2E4C1BB8DAEC00833840 /* 122.mov in Resources */ = {isa = PBXBuildFile; fileRef = 14AE2E4B1BB8DAEC00833840 /* 122.mov */; settings = {ASSET_TAGS = (); }; };
		14E64B101BB53F3200CD1647 /* CIImageRendererUtils.m in Sources */ = {isa = PBXBuildFile; fileRef = 14E64ADB1BB53F3200CD1647 /* CIImageRendererUtils.m */; settings = {ASSET_TAGS = (); }; };
		14E64B111BB53F3200CD1647 /* SCAssetExportSession.m in Sources */ = {isa = PBXBuildFile; fileRef = 14E64ADD1BB53F3200CD1647 /* SCAssetExportSession.m */; settings = {ASSET_TAGS = (); }; };
		14E64B121BB53F3200CD1647 /* SCAudioConfiguration.m in Sources */ = {isa = PBXBuildFile; fileRef = 14E64ADF1BB53F3200CD1647 /* SCAudioConfiguration.m */; settings = {ASSET_TAGS = (); }; };
		14E64B131BB53F3200CD1647 /* SCAudioTools.m in Sources */ = {isa = PBXBuildFile; fileRef = 14E64AE11BB53F3200CD1647 /* SCAudioTools.m */; settings = {ASSET_TAGS = (); }; };
		14E64B141BB53F3200CD1647 /* SCContext.m in Sources */ = {isa = PBXBuildFile; fileRef = 14E64AE41BB53F3200CD1647 /* SCContext.m */; settings = {ASSET_TAGS = (); }; };
		14E64B151BB53F3200CD1647 /* SCFilter.m in Sources */ = {isa = PBXBuildFile; fileRef = 14E64AE61BB53F3200CD1647 /* SCFilter.m */; settings = {ASSET_TAGS = (); }; };
		14E64B161BB53F3200CD1647 /* SCFilterAnimation.m in Sources */ = {isa = PBXBuildFile; fileRef = 14E64AE81BB53F3200CD1647 /* SCFilterAnimation.m */; settings = {ASSET_TAGS = (); }; };
		14E64B171BB53F3200CD1647 /* SCFilterSelectorView.m in Sources */ = {isa = PBXBuildFile; fileRef = 14E64AEA1BB53F3200CD1647 /* SCFilterSelectorView.m */; settings = {ASSET_TAGS = (); }; };
		14E64B181BB53F3200CD1647 /* SCImageView.m in Sources */ = {isa = PBXBuildFile; fileRef = 14E64AED1BB53F3200CD1647 /* SCImageView.m */; settings = {ASSET_TAGS = (); }; };
		14E64B191BB53F3200CD1647 /* SCIOPixelBuffers.m in Sources */ = {isa = PBXBuildFile; fileRef = 14E64AEF1BB53F3200CD1647 /* SCIOPixelBuffers.m */; settings = {ASSET_TAGS = (); }; };
		14E64B1A1BB53F3200CD1647 /* SCMediaTypeConfiguration.m in Sources */ = {isa = PBXBuildFile; fileRef = 14E64AF11BB53F3200CD1647 /* SCMediaTypeConfiguration.m */; settings = {ASSET_TAGS = (); }; };
		14E64B1B1BB53F3200CD1647 /* SCPhotoConfiguration.m in Sources */ = {isa = PBXBuildFile; fileRef = 14E64AF31BB53F3200CD1647 /* SCPhotoConfiguration.m */; settings = {ASSET_TAGS = (); }; };
		14E64B1C1BB53F3200CD1647 /* SCPlayer.m in Sources */ = {isa = PBXBuildFile; fileRef = 14E64AF51BB53F3200CD1647 /* SCPlayer.m */; settings = {ASSET_TAGS = (); }; };
		14E64B1D1BB53F3200CD1647 /* SCProcessingQueue.m in Sources */ = {isa = PBXBuildFile; fileRef = 14E64AF71BB53F3200CD1647 /* SCProcessingQueue.m */; settings = {ASSET_TAGS = (); }; };
		14E64B1E1BB53F3200CD1647 /* SCRecorder.m in Sources */ = {isa = PBXBuildFile; fileRef = 14E64AF91BB53F3200CD1647 /* SCRecorder.m */; settings = {ASSET_TAGS = (); }; };
		14E64B1F1BB53F3200CD1647 /* SCRecorderFocusTargetView.m in Sources */ = {isa = PBXBuildFile; fileRef = 14E64AFC1BB53F3200CD1647 /* SCRecorderFocusTargetView.m */; settings = {ASSET_TAGS = (); }; };
		14E64B201BB53F3200CD1647 /* SCRecorderTools.m in Sources */ = {isa = PBXBuildFile; fileRef = 14E64AFE1BB53F3200CD1647 /* SCRecorderTools.m */; settings = {ASSET_TAGS = (); }; };
		14E64B211BB53F3200CD1647 /* SCRecorderToolsView.m in Sources */ = {isa = PBXBuildFile; fileRef = 14E64B001BB53F3200CD1647 /* SCRecorderToolsView.m */; settings = {ASSET_TAGS = (); }; };
		14E64B221BB53F3200CD1647 /* SCRecordSession.m in Sources */ = {isa = PBXBuildFile; fileRef = 14E64B021BB53F3200CD1647 /* SCRecordSession.m */; settings = {ASSET_TAGS = (); }; };
		14E64B231BB53F3200CD1647 /* SCRecordSessionSegment.m in Sources */ = {isa = PBXBuildFile; fileRef = 14E64B051BB53F3200CD1647 /* SCRecordSessionSegment.m */; settings = {ASSET_TAGS = (); }; };
		14E64B241BB53F3200CD1647 /* SCSampleBufferHolder.m in Sources */ = {isa = PBXBuildFile; fileRef = 14E64B071BB53F3200CD1647 /* SCSampleBufferHolder.m */; settings = {ASSET_TAGS = (); }; };
		14E64B251BB53F3200CD1647 /* SCSwipeableFilterView.m in Sources */ = {isa = PBXBuildFile; fileRef = 14E64B091BB53F3200CD1647 /* SCSwipeableFilterView.m */; settings = {ASSET_TAGS = (); }; };
		14E64B261BB53F3200CD1647 /* SCVideoConfiguration.m in Sources */ = {isa = PBXBuildFile; fileRef = 14E64B0B1BB53F3200CD1647 /* SCVideoConfiguration.m */; settings = {ASSET_TAGS = (); }; };
		14E64B271BB53F3200CD1647 /* SCVideoPlayerView.m in Sources */ = {isa = PBXBuildFile; fileRef = 14E64B0D1BB53F3200CD1647 /* SCVideoPlayerView.m */; settings = {ASSET_TAGS = (); }; };
		14E64B281BB53F3200CD1647 /* SCWeakSelectorTarget.m in Sources */ = {isa = PBXBuildFile; fileRef = 14E64B0F1BB53F3200CD1647 /* SCWeakSelectorTarget.m */; settings = {ASSET_TAGS = (); }; };
		14E64B2B1BB542FD00CD1647 /* 1938.m4v in Resources */ = {isa = PBXBuildFile; fileRef = 14E64B2A1BB542FD00CD1647 /* 1938.m4v */; settings = {ASSET_TAGS = (); }; };
/* End PBXBuildFile section */

/* Begin PBXContainerItemProxy section */
		1431F4E31BB4E2A2005149D5 /* PBXContainerItemProxy */ = {
			isa = PBXContainerItemProxy;
			containerPortal = 1431F4BE1BB4E2A1005149D5 /* Project object */;
			proxyType = 1;
			remoteGlobalIDString = 1431F4C51BB4E2A1005149D5;
			remoteInfo = TestPro;
		};
		1431F4EE1BB4E2A2005149D5 /* PBXContainerItemProxy */ = {
			isa = PBXContainerItemProxy;
			containerPortal = 1431F4BE1BB4E2A1005149D5 /* Project object */;
			proxyType = 1;
			remoteGlobalIDString = 1431F4C51BB4E2A1005149D5;
			remoteInfo = TestPro;
		};
/* End PBXContainerItemProxy section */

/* Begin PBXFileReference section */
		1431F4C61BB4E2A2005149D5 /* TestPro.app */ = {isa = PBXFileReference; explicitFileType = wrapper.application; includeInIndex = 0; path = TestPro.app; sourceTree = BUILT_PRODUCTS_DIR; };
		1431F4CA1BB4E2A2005149D5 /* main.m */ = {isa = PBXFileReference; lastKnownFileType = sourcecode.c.objc; path = main.m; sourceTree = "<group>"; };
		1431F4CC1BB4E2A2005149D5 /* AppDelegate.h */ = {isa = PBXFileReference; lastKnownFileType = sourcecode.c.h; path = AppDelegate.h; sourceTree = "<group>"; };
		1431F4CD1BB4E2A2005149D5 /* AppDelegate.m */ = {isa = PBXFileReference; lastKnownFileType = sourcecode.c.objc; path = AppDelegate.m; sourceTree = "<group>"; };
		1431F4CF1BB4E2A2005149D5 /* ViewController.h */ = {isa = PBXFileReference; lastKnownFileType = sourcecode.c.h; path = ViewController.h; sourceTree = "<group>"; };
		1431F4D01BB4E2A2005149D5 /* ViewController.m */ = {isa = PBXFileReference; lastKnownFileType = sourcecode.c.objc; path = ViewController.m; sourceTree = "<group>"; };
		1431F4D31BB4E2A2005149D5 /* Base */ = {isa = PBXFileReference; lastKnownFileType = file.storyboard; name = Base; path = Base.lproj/Main.storyboard; sourceTree = "<group>"; };
		1431F4D61BB4E2A2005149D5 /* TestPro.xcdatamodel */ = {isa = PBXFileReference; lastKnownFileType = wrapper.xcdatamodel; path = TestPro.xcdatamodel; sourceTree = "<group>"; };
		1431F4D81BB4E2A2005149D5 /* Assets.xcassets */ = {isa = PBXFileReference; lastKnownFileType = folder.assetcatalog; path = Assets.xcassets; sourceTree = "<group>"; };
		1431F4DB1BB4E2A2005149D5 /* Base */ = {isa = PBXFileReference; lastKnownFileType = file.storyboard; name = Base; path = Base.lproj/LaunchScreen.storyboard; sourceTree = "<group>"; };
		1431F4DD1BB4E2A2005149D5 /* Info.plist */ = {isa = PBXFileReference; lastKnownFileType = text.plist.xml; path = Info.plist; sourceTree = "<group>"; };
		1431F4E21BB4E2A2005149D5 /* TestProTests.xctest */ = {isa = PBXFileReference; explicitFileType = wrapper.cfbundle; includeInIndex = 0; path = TestProTests.xctest; sourceTree = BUILT_PRODUCTS_DIR; };
		1431F4E61BB4E2A2005149D5 /* TestProTests.m */ = {isa = PBXFileReference; lastKnownFileType = sourcecode.c.objc; path = TestProTests.m; sourceTree = "<group>"; };
		1431F4E81BB4E2A2005149D5 /* Info.plist */ = {isa = PBXFileReference; lastKnownFileType = text.plist.xml; path = Info.plist; sourceTree = "<group>"; };
		1431F4ED1BB4E2A2005149D5 /* TestProUITests.xctest */ = {isa = PBXFileReference; explicitFileType = wrapper.cfbundle; includeInIndex = 0; path = TestProUITests.xctest; sourceTree = BUILT_PRODUCTS_DIR; };
		1431F4F11BB4E2A2005149D5 /* TestProUITests.m */ = {isa = PBXFileReference; lastKnownFileType = sourcecode.c.objc; path = TestProUITests.m; sourceTree = "<group>"; };
		1431F4F31BB4E2A2005149D5 /* Info.plist */ = {isa = PBXFileReference; lastKnownFileType = text.plist.xml; path = Info.plist; sourceTree = "<group>"; };
		1431F5011BB4E7D5005149D5 /* AVFoundation.framework */ = {isa = PBXFileReference; lastKnownFileType = wrapper.framework; name = AVFoundation.framework; path = System/Library/Frameworks/AVFoundation.framework; sourceTree = SDKROOT; };
		1431F5031BB4E7DE005149D5 /* AVKit.framework */ = {isa = PBXFileReference; lastKnownFileType = wrapper.framework; name = AVKit.framework; path = System/Library/Frameworks/AVKit.framework; sourceTree = SDKROOT; };
		14AE2E491BB8D37300833840 /* 1938.mp4 */ = {isa = PBXFileReference; lastKnownFileType = file; path = 1938.mp4; sourceTree = SOURCE_ROOT; };
		14AE2E4B1BB8DAEC00833840 /* 122.mov */ = {isa = PBXFileReference; lastKnownFileType = video.quicktime; name = 122.mov; path = ../../../../../../../Users/xy/Downloads/122.mov; sourceTree = "<group>"; };
		14E64AD91BB53F3200CD1647 /* CIImageRenderer.h */ = {isa = PBXFileReference; fileEncoding = 4; lastKnownFileType = sourcecode.c.h; path = CIImageRenderer.h; sourceTree = "<group>"; };
		14E64ADA1BB53F3200CD1647 /* CIImageRendererUtils.h */ = {isa = PBXFileReference; fileEncoding = 4; lastKnownFileType = sourcecode.c.h; path = CIImageRendererUtils.h; sourceTree = "<group>"; };
		14E64ADB1BB53F3200CD1647 /* CIImageRendererUtils.m */ = {isa = PBXFileReference; fileEncoding = 4; lastKnownFileType = sourcecode.c.objc; path = CIImageRendererUtils.m; sourceTree = "<group>"; };
		14E64ADC1BB53F3200CD1647 /* SCAssetExportSession.h */ = {isa = PBXFileReference; fileEncoding = 4; lastKnownFileType = sourcecode.c.h; path = SCAssetExportSession.h; sourceTree = "<group>"; };
		14E64ADD1BB53F3200CD1647 /* SCAssetExportSession.m */ = {isa = PBXFileReference; fileEncoding = 4; lastKnownFileType = sourcecode.c.objc; path = SCAssetExportSession.m; sourceTree = "<group>"; };
		14E64ADE1BB53F3200CD1647 /* SCAudioConfiguration.h */ = {isa = PBXFileReference; fileEncoding = 4; lastKnownFileType = sourcecode.c.h; path = SCAudioConfiguration.h; sourceTree = "<group>"; };
		14E64ADF1BB53F3200CD1647 /* SCAudioConfiguration.m */ = {isa = PBXFileReference; fileEncoding = 4; lastKnownFileType = sourcecode.c.objc; path = SCAudioConfiguration.m; sourceTree = "<group>"; };
		14E64AE01BB53F3200CD1647 /* SCAudioTools.h */ = {isa = PBXFileReference; fileEncoding = 4; lastKnownFileType = sourcecode.c.h; path = SCAudioTools.h; sourceTree = "<group>"; };
		14E64AE11BB53F3200CD1647 /* SCAudioTools.m */ = {isa = PBXFileReference; fileEncoding = 4; lastKnownFileType = sourcecode.c.objc; path = SCAudioTools.m; sourceTree = "<group>"; };
		14E64AE21BB53F3200CD1647 /* SCAudioVideoRecorder-Prefix.pch */ = {isa = PBXFileReference; fileEncoding = 4; lastKnownFileType = sourcecode.c.h; path = "SCAudioVideoRecorder-Prefix.pch"; sourceTree = "<group>"; };
		14E64AE31BB53F3200CD1647 /* SCContext.h */ = {isa = PBXFileReference; fileEncoding = 4; lastKnownFileType = sourcecode.c.h; path = SCContext.h; sourceTree = "<group>"; };
		14E64AE41BB53F3200CD1647 /* SCContext.m */ = {isa = PBXFileReference; fileEncoding = 4; lastKnownFileType = sourcecode.c.objc; path = SCContext.m; sourceTree = "<group>"; };
		14E64AE51BB53F3200CD1647 /* SCFilter.h */ = {isa = PBXFileReference; fileEncoding = 4; lastKnownFileType = sourcecode.c.h; path = SCFilter.h; sourceTree = "<group>"; };
		14E64AE61BB53F3200CD1647 /* SCFilter.m */ = {isa = PBXFileReference; fileEncoding = 4; lastKnownFileType = sourcecode.c.objc; path = SCFilter.m; sourceTree = "<group>"; };
		14E64AE71BB53F3200CD1647 /* SCFilterAnimation.h */ = {isa = PBXFileReference; fileEncoding = 4; lastKnownFileType = sourcecode.c.h; path = SCFilterAnimation.h; sourceTree = "<group>"; };
		14E64AE81BB53F3200CD1647 /* SCFilterAnimation.m */ = {isa = PBXFileReference; fileEncoding = 4; lastKnownFileType = sourcecode.c.objc; path = SCFilterAnimation.m; sourceTree = "<group>"; };
		14E64AE91BB53F3200CD1647 /* SCFilterSelectorView.h */ = {isa = PBXFileReference; fileEncoding = 4; lastKnownFileType = sourcecode.c.h; path = SCFilterSelectorView.h; sourceTree = "<group>"; };
		14E64AEA1BB53F3200CD1647 /* SCFilterSelectorView.m */ = {isa = PBXFileReference; fileEncoding = 4; lastKnownFileType = sourcecode.c.objc; path = SCFilterSelectorView.m; sourceTree = "<group>"; };
		14E64AEB1BB53F3200CD1647 /* SCFilterSelectorViewInternal.h */ = {isa = PBXFileReference; fileEncoding = 4; lastKnownFileType = sourcecode.c.h; path = SCFilterSelectorViewInternal.h; sourceTree = "<group>"; };
		14E64AEC1BB53F3200CD1647 /* SCImageView.h */ = {isa = PBXFileReference; fileEncoding = 4; lastKnownFileType = sourcecode.c.h; path = SCImageView.h; sourceTree = "<group>"; };
		14E64AED1BB53F3200CD1647 /* SCImageView.m */ = {isa = PBXFileReference; fileEncoding = 4; lastKnownFileType = sourcecode.c.objc; path = SCImageView.m; sourceTree = "<group>"; };
		14E64AEE1BB53F3200CD1647 /* SCIOPixelBuffers.h */ = {isa = PBXFileReference; fileEncoding = 4; lastKnownFileType = sourcecode.c.h; path = SCIOPixelBuffers.h; sourceTree = "<group>"; };
		14E64AEF1BB53F3200CD1647 /* SCIOPixelBuffers.m */ = {isa = PBXFileReference; fileEncoding = 4; lastKnownFileType = sourcecode.c.objc; path = SCIOPixelBuffers.m; sourceTree = "<group>"; };
		14E64AF01BB53F3200CD1647 /* SCMediaTypeConfiguration.h */ = {isa = PBXFileReference; fileEncoding = 4; lastKnownFileType = sourcecode.c.h; path = SCMediaTypeConfiguration.h; sourceTree = "<group>"; };
		14E64AF11BB53F3200CD1647 /* SCMediaTypeConfiguration.m */ = {isa = PBXFileReference; fileEncoding = 4; lastKnownFileType = sourcecode.c.objc; path = SCMediaTypeConfiguration.m; sourceTree = "<group>"; };
		14E64AF21BB53F3200CD1647 /* SCPhotoConfiguration.h */ = {isa = PBXFileReference; fileEncoding = 4; lastKnownFileType = sourcecode.c.h; path = SCPhotoConfiguration.h; sourceTree = "<group>"; };
		14E64AF31BB53F3200CD1647 /* SCPhotoConfiguration.m */ = {isa = PBXFileReference; fileEncoding = 4; lastKnownFileType = sourcecode.c.objc; path = SCPhotoConfiguration.m; sourceTree = "<group>"; };
		14E64AF41BB53F3200CD1647 /* SCPlayer.h */ = {isa = PBXFileReference; fileEncoding = 4; lastKnownFileType = sourcecode.c.h; path = SCPlayer.h; sourceTree = "<group>"; };
		14E64AF51BB53F3200CD1647 /* SCPlayer.m */ = {isa = PBXFileReference; fileEncoding = 4; lastKnownFileType = sourcecode.c.objc; path = SCPlayer.m; sourceTree = "<group>"; };
		14E64AF61BB53F3200CD1647 /* SCProcessingQueue.h */ = {isa = PBXFileReference; fileEncoding = 4; lastKnownFileType = sourcecode.c.h; path = SCProcessingQueue.h; sourceTree = "<group>"; };
		14E64AF71BB53F3200CD1647 /* SCProcessingQueue.m */ = {isa = PBXFileReference; fileEncoding = 4; lastKnownFileType = sourcecode.c.objc; path = SCProcessingQueue.m; sourceTree = "<group>"; };
		14E64AF81BB53F3200CD1647 /* SCRecorder.h */ = {isa = PBXFileReference; fileEncoding = 4; lastKnownFileType = sourcecode.c.h; path = SCRecorder.h; sourceTree = "<group>"; };
		14E64AF91BB53F3200CD1647 /* SCRecorder.m */ = {isa = PBXFileReference; fileEncoding = 4; lastKnownFileType = sourcecode.c.objc; path = SCRecorder.m; sourceTree = "<group>"; };
		14E64AFA1BB53F3200CD1647 /* SCRecorderDelegate.h */ = {isa = PBXFileReference; fileEncoding = 4; lastKnownFileType = sourcecode.c.h; path = SCRecorderDelegate.h; sourceTree = "<group>"; };
		14E64AFB1BB53F3200CD1647 /* SCRecorderFocusTargetView.h */ = {isa = PBXFileReference; fileEncoding = 4; lastKnownFileType = sourcecode.c.h; path = SCRecorderFocusTargetView.h; sourceTree = "<group>"; };
		14E64AFC1BB53F3200CD1647 /* SCRecorderFocusTargetView.m */ = {isa = PBXFileReference; fileEncoding = 4; lastKnownFileType = sourcecode.c.objc; path = SCRecorderFocusTargetView.m; sourceTree = "<group>"; };
		14E64AFD1BB53F3200CD1647 /* SCRecorderTools.h */ = {isa = PBXFileReference; fileEncoding = 4; lastKnownFileType = sourcecode.c.h; path = SCRecorderTools.h; sourceTree = "<group>"; };
		14E64AFE1BB53F3200CD1647 /* SCRecorderTools.m */ = {isa = PBXFileReference; fileEncoding = 4; lastKnownFileType = sourcecode.c.objc; path = SCRecorderTools.m; sourceTree = "<group>"; };
		14E64AFF1BB53F3200CD1647 /* SCRecorderToolsView.h */ = {isa = PBXFileReference; fileEncoding = 4; lastKnownFileType = sourcecode.c.h; path = SCRecorderToolsView.h; sourceTree = "<group>"; };
		14E64B001BB53F3200CD1647 /* SCRecorderToolsView.m */ = {isa = PBXFileReference; fileEncoding = 4; lastKnownFileType = sourcecode.c.objc; path = SCRecorderToolsView.m; sourceTree = "<group>"; };
		14E64B011BB53F3200CD1647 /* SCRecordSession.h */ = {isa = PBXFileReference; fileEncoding = 4; lastKnownFileType = sourcecode.c.h; path = SCRecordSession.h; sourceTree = "<group>"; };
		14E64B021BB53F3200CD1647 /* SCRecordSession.m */ = {isa = PBXFileReference; fileEncoding = 4; lastKnownFileType = sourcecode.c.objc; path = SCRecordSession.m; sourceTree = "<group>"; };
		14E64B031BB53F3200CD1647 /* SCRecordSession_Internal.h */ = {isa = PBXFileReference; fileEncoding = 4; lastKnownFileType = sourcecode.c.h; path = SCRecordSession_Internal.h; sourceTree = "<group>"; };
		14E64B041BB53F3200CD1647 /* SCRecordSessionSegment.h */ = {isa = PBXFileReference; fileEncoding = 4; lastKnownFileType = sourcecode.c.h; path = SCRecordSessionSegment.h; sourceTree = "<group>"; };
		14E64B051BB53F3200CD1647 /* SCRecordSessionSegment.m */ = {isa = PBXFileReference; fileEncoding = 4; lastKnownFileType = sourcecode.c.objc; path = SCRecordSessionSegment.m; sourceTree = "<group>"; };
		14E64B061BB53F3200CD1647 /* SCSampleBufferHolder.h */ = {isa = PBXFileReference; fileEncoding = 4; lastKnownFileType = sourcecode.c.h; path = SCSampleBufferHolder.h; sourceTree = "<group>"; };
		14E64B071BB53F3200CD1647 /* SCSampleBufferHolder.m */ = {isa = PBXFileReference; fileEncoding = 4; lastKnownFileType = sourcecode.c.objc; path = SCSampleBufferHolder.m; sourceTree = "<group>"; };
		14E64B081BB53F3200CD1647 /* SCSwipeableFilterView.h */ = {isa = PBXFileReference; fileEncoding = 4; lastKnownFileType = sourcecode.c.h; path = SCSwipeableFilterView.h; sourceTree = "<group>"; };
		14E64B091BB53F3200CD1647 /* SCSwipeableFilterView.m */ = {isa = PBXFileReference; fileEncoding = 4; lastKnownFileType = sourcecode.c.objc; path = SCSwipeableFilterView.m; sourceTree = "<group>"; };
		14E64B0A1BB53F3200CD1647 /* SCVideoConfiguration.h */ = {isa = PBXFileReference; fileEncoding = 4; lastKnownFileType = sourcecode.c.h; path = SCVideoConfiguration.h; sourceTree = "<group>"; };
		14E64B0B1BB53F3200CD1647 /* SCVideoConfiguration.m */ = {isa = PBXFileReference; fileEncoding = 4; lastKnownFileType = sourcecode.c.objc; path = SCVideoConfiguration.m; sourceTree = "<group>"; };
		14E64B0C1BB53F3200CD1647 /* SCVideoPlayerView.h */ = {isa = PBXFileReference; fileEncoding = 4; lastKnownFileType = sourcecode.c.h; path = SCVideoPlayerView.h; sourceTree = "<group>"; };
		14E64B0D1BB53F3200CD1647 /* SCVideoPlayerView.m */ = {isa = PBXFileReference; fileEncoding = 4; lastKnownFileType = sourcecode.c.objc; path = SCVideoPlayerView.m; sourceTree = "<group>"; };
		14E64B0E1BB53F3200CD1647 /* SCWeakSelectorTarget.h */ = {isa = PBXFileReference; fileEncoding = 4; lastKnownFileType = sourcecode.c.h; path = SCWeakSelectorTarget.h; sourceTree = "<group>"; };
		14E64B0F1BB53F3200CD1647 /* SCWeakSelectorTarget.m */ = {isa = PBXFileReference; fileEncoding = 4; lastKnownFileType = sourcecode.c.objc; path = SCWeakSelectorTarget.m; sourceTree = "<group>"; };
		14E64B2A1BB542FD00CD1647 /* 1938.m4v */ = {isa = PBXFileReference; lastKnownFileType = file; name = 1938.m4v; path = ../../../../../../../Users/xy/Desktop/1938.m4v; sourceTree = "<group>"; };
/* End PBXFileReference section */

/* Begin PBXFrameworksBuildPhase section */
		1431F4C31BB4E2A1005149D5 /* Frameworks */ = {
			isa = PBXFrameworksBuildPhase;
			buildActionMask = 2147483647;
			files = (
				1431F5041BB4E7DE005149D5 /* AVKit.framework in Frameworks */,
				1431F5021BB4E7D5005149D5 /* AVFoundation.framework in Frameworks */,
			);
			runOnlyForDeploymentPostprocessing = 0;
		};
		1431F4DF1BB4E2A2005149D5 /* Frameworks */ = {
			isa = PBXFrameworksBuildPhase;
			buildActionMask = 2147483647;
			files = (
			);
			runOnlyForDeploymentPostprocessing = 0;
		};
		1431F4EA1BB4E2A2005149D5 /* Frameworks */ = {
			isa = PBXFrameworksBuildPhase;
			buildActionMask = 2147483647;
			files = (
			);
			runOnlyForDeploymentPostprocessing = 0;
		};
/* End PBXFrameworksBuildPhase section */

/* Begin PBXGroup section */
		1431F4BD1BB4E2A1005149D5 = {
			isa = PBXGroup;
			children = (
				1431F5031BB4E7DE005149D5 /* AVKit.framework */,
				1431F5011BB4E7D5005149D5 /* AVFoundation.framework */,
				1431F4C81BB4E2A2005149D5 /* TestPro */,
				1431F4E51BB4E2A2005149D5 /* TestProTests */,
				1431F4F01BB4E2A2005149D5 /* TestProUITests */,
				1431F4C71BB4E2A2005149D5 /* Products */,
			);
			sourceTree = "<group>";
		};
		1431F4C71BB4E2A2005149D5 /* Products */ = {
			isa = PBXGroup;
			children = (
				1431F4C61BB4E2A2005149D5 /* TestPro.app */,
				1431F4E21BB4E2A2005149D5 /* TestProTests.xctest */,
				1431F4ED1BB4E2A2005149D5 /* TestProUITests.xctest */,
			);
			name = Products;
			sourceTree = "<group>";
		};
		1431F4C81BB4E2A2005149D5 /* TestPro */ = {
			isa = PBXGroup;
			children = (
				14E64AD81BB53F3200CD1647 /* Sources */,
				1431F4CC1BB4E2A2005149D5 /* AppDelegate.h */,
				1431F4CD1BB4E2A2005149D5 /* AppDelegate.m */,
				1431F4CF1BB4E2A2005149D5 /* ViewController.h */,
				1431F4D01BB4E2A2005149D5 /* ViewController.m */,
				1431F4D21BB4E2A2005149D5 /* Main.storyboard */,
				1431F4D81BB4E2A2005149D5 /* Assets.xcassets */,
				1431F4DA1BB4E2A2005149D5 /* LaunchScreen.storyboard */,
				14E64B2A1BB542FD00CD1647 /* 1938.m4v */,
				14AE2E491BB8D37300833840 /* 1938.mp4 */,
				14AE2E4B1BB8DAEC00833840 /* 122.mov */,
				1431F4DD1BB4E2A2005149D5 /* Info.plist */,
				1431F4D51BB4E2A2005149D5 /* TestPro.xcdatamodeld */,
				1431F4C91BB4E2A2005149D5 /* Supporting Files */,
			);
			path = TestPro;
			sourceTree = "<group>";
		};
		1431F4C91BB4E2A2005149D5 /* Supporting Files */ = {
			isa = PBXGroup;
			children = (
				1431F4CA1BB4E2A2005149D5 /* main.m */,
			);
			name = "Supporting Files";
			sourceTree = "<group>";
		};
		1431F4E51BB4E2A2005149D5 /* TestProTests */ = {
			isa = PBXGroup;
			children = (
				1431F4E61BB4E2A2005149D5 /* TestProTests.m */,
				1431F4E81BB4E2A2005149D5 /* Info.plist */,
			);
			path = TestProTests;
			sourceTree = "<group>";
		};
		1431F4F01BB4E2A2005149D5 /* TestProUITests */ = {
			isa = PBXGroup;
			children = (
				1431F4F11BB4E2A2005149D5 /* TestProUITests.m */,
				1431F4F31BB4E2A2005149D5 /* Info.plist */,
			);
			path = TestProUITests;
			sourceTree = "<group>";
		};
		14E64AD81BB53F3200CD1647 /* Sources */ = {
			isa = PBXGroup;
			children = (
				14E64AD91BB53F3200CD1647 /* CIImageRenderer.h */,
				14E64ADA1BB53F3200CD1647 /* CIImageRendererUtils.h */,
				14E64ADB1BB53F3200CD1647 /* CIImageRendererUtils.m */,
				14E64ADC1BB53F3200CD1647 /* SCAssetExportSession.h */,
				14E64ADD1BB53F3200CD1647 /* SCAssetExportSession.m */,
				14E64ADE1BB53F3200CD1647 /* SCAudioConfiguration.h */,
				14E64ADF1BB53F3200CD1647 /* SCAudioConfiguration.m */,
				14E64AE01BB53F3200CD1647 /* SCAudioTools.h */,
				14E64AE11BB53F3200CD1647 /* SCAudioTools.m */,
				14E64AE21BB53F3200CD1647 /* SCAudioVideoRecorder-Prefix.pch */,
				14E64AE31BB53F3200CD1647 /* SCContext.h */,
				14E64AE41BB53F3200CD1647 /* SCContext.m */,
				14E64AE51BB53F3200CD1647 /* SCFilter.h */,
				14E64AE61BB53F3200CD1647 /* SCFilter.m */,
				14E64AE71BB53F3200CD1647 /* SCFilterAnimation.h */,
				14E64AE81BB53F3200CD1647 /* SCFilterAnimation.m */,
				14E64AE91BB53F3200CD1647 /* SCFilterSelectorView.h */,
				14E64AEA1BB53F3200CD1647 /* SCFilterSelectorView.m */,
				14E64AEB1BB53F3200CD1647 /* SCFilterSelectorViewInternal.h */,
				14E64AEC1BB53F3200CD1647 /* SCImageView.h */,
				14E64AED1BB53F3200CD1647 /* SCImageView.m */,
				14E64AEE1BB53F3200CD1647 /* SCIOPixelBuffers.h */,
				14E64AEF1BB53F3200CD1647 /* SCIOPixelBuffers.m */,
				14E64AF01BB53F3200CD1647 /* SCMediaTypeConfiguration.h */,
				14E64AF11BB53F3200CD1647 /* SCMediaTypeConfiguration.m */,
				14E64AF21BB53F3200CD1647 /* SCPhotoConfiguration.h */,
				14E64AF31BB53F3200CD1647 /* SCPhotoConfiguration.m */,
				14E64AF41BB53F3200CD1647 /* SCPlayer.h */,
				14E64AF51BB53F3200CD1647 /* SCPlayer.m */,
				14E64AF61BB53F3200CD1647 /* SCProcessingQueue.h */,
				14E64AF71BB53F3200CD1647 /* SCProcessingQueue.m */,
				14E64AF81BB53F3200CD1647 /* SCRecorder.h */,
				14E64AF91BB53F3200CD1647 /* SCRecorder.m */,
				14E64AFA1BB53F3200CD1647 /* SCRecorderDelegate.h */,
				14E64AFB1BB53F3200CD1647 /* SCRecorderFocusTargetView.h */,
				14E64AFC1BB53F3200CD1647 /* SCRecorderFocusTargetView.m */,
				14E64AFD1BB53F3200CD1647 /* SCRecorderTools.h */,
				14E64AFE1BB53F3200CD1647 /* SCRecorderTools.m */,
				14E64AFF1BB53F3200CD1647 /* SCRecorderToolsView.h */,
				14E64B001BB53F3200CD1647 /* SCRecorderToolsView.m */,
				14E64B011BB53F3200CD1647 /* SCRecordSession.h */,
				14E64B021BB53F3200CD1647 /* SCRecordSession.m */,
				14E64B031BB53F3200CD1647 /* SCRecordSession_Internal.h */,
				14E64B041BB53F3200CD1647 /* SCRecordSessionSegment.h */,
				14E64B051BB53F3200CD1647 /* SCRecordSessionSegment.m */,
				14E64B061BB53F3200CD1647 /* SCSampleBufferHolder.h */,
				14E64B071BB53F3200CD1647 /* SCSampleBufferHolder.m */,
				14E64B081BB53F3200CD1647 /* SCSwipeableFilterView.h */,
				14E64B091BB53F3200CD1647 /* SCSwipeableFilterView.m */,
				14E64B0A1BB53F3200CD1647 /* SCVideoConfiguration.h */,
				14E64B0B1BB53F3200CD1647 /* SCVideoConfiguration.m */,
				14E64B0C1BB53F3200CD1647 /* SCVideoPlayerView.h */,
				14E64B0D1BB53F3200CD1647 /* SCVideoPlayerView.m */,
				14E64B0E1BB53F3200CD1647 /* SCWeakSelectorTarget.h */,
				14E64B0F1BB53F3200CD1647 /* SCWeakSelectorTarget.m */,
			);
			name = Sources;
			path = ../../../../../../../Users/xy/Documents/SCRecorder/Library/Sources;
			sourceTree = "<group>";
		};
/* End PBXGroup section */

/* Begin PBXNativeTarget section */
		1431F4C51BB4E2A1005149D5 /* TestPro */ = {
			isa = PBXNativeTarget;
			buildConfigurationList = 1431F4F61BB4E2A2005149D5 /* Build configuration list for PBXNativeTarget "TestPro" */;
			buildPhases = (
				1431F4C21BB4E2A1005149D5 /* Sources */,
				1431F4C31BB4E2A1005149D5 /* Frameworks */,
				1431F4C41BB4E2A1005149D5 /* Resources */,
			);
			buildRules = (
			);
			dependencies = (
			);
			name = TestPro;
			productName = TestPro;
			productReference = 1431F4C61BB4E2A2005149D5 /* TestPro.app */;
			productType = "com.apple.product-type.application";
		};
		1431F4E11BB4E2A2005149D5 /* TestProTests */ = {
			isa = PBXNativeTarget;
			buildConfigurationList = 1431F4F91BB4E2A2005149D5 /* Build configuration list for PBXNativeTarget "TestProTests" */;
			buildPhases = (
				1431F4DE1BB4E2A2005149D5 /* Sources */,
				1431F4DF1BB4E2A2005149D5 /* Frameworks */,
				1431F4E01BB4E2A2005149D5 /* Resources */,
			);
			buildRules = (
			);
			dependencies = (
				1431F4E41BB4E2A2005149D5 /* PBXTargetDependency */,
			);
			name = TestProTests;
			productName = TestProTests;
			productReference = 1431F4E21BB4E2A2005149D5 /* TestProTests.xctest */;
			productType = "com.apple.product-type.bundle.unit-test";
		};
		1431F4EC1BB4E2A2005149D5 /* TestProUITests */ = {
			isa = PBXNativeTarget;
			buildConfigurationList = 1431F4FC1BB4E2A2005149D5 /* Build configuration list for PBXNativeTarget "TestProUITests" */;
			buildPhases = (
				1431F4E91BB4E2A2005149D5 /* Sources */,
				1431F4EA1BB4E2A2005149D5 /* Frameworks */,
				1431F4EB1BB4E2A2005149D5 /* Resources */,
			);
			buildRules = (
			);
			dependencies = (
				1431F4EF1BB4E2A2005149D5 /* PBXTargetDependency */,
			);
			name = TestProUITests;
			productName = TestProUITests;
			productReference = 1431F4ED1BB4E2A2005149D5 /* TestProUITests.xctest */;
			productType = "com.apple.product-type.bundle.ui-testing";
		};
/* End PBXNativeTarget section */

/* Begin PBXProject section */
		1431F4BE1BB4E2A1005149D5 /* Project object */ = {
			isa = PBXProject;
			attributes = {
				LastUpgradeCheck = 0700;
				ORGANIZATIONNAME = wcsn;
				TargetAttributes = {
					1431F4C51BB4E2A1005149D5 = {
						CreatedOnToolsVersion = 7.0;
					};
					1431F4E11BB4E2A2005149D5 = {
						CreatedOnToolsVersion = 7.0;
						TestTargetID = 1431F4C51BB4E2A1005149D5;
					};
					1431F4EC1BB4E2A2005149D5 = {
						CreatedOnToolsVersion = 7.0;
						TestTargetID = 1431F4C51BB4E2A1005149D5;
					};
				};
			};
			buildConfigurationList = 1431F4C11BB4E2A1005149D5 /* Build configuration list for PBXProject "TestPro" */;
			compatibilityVersion = "Xcode 3.2";
			developmentRegion = English;
			hasScannedForEncodings = 0;
			knownRegions = (
				en,
				Base,
			);
			mainGroup = 1431F4BD1BB4E2A1005149D5;
			productRefGroup = 1431F4C71BB4E2A2005149D5 /* Products */;
			projectDirPath = "";
			projectRoot = "";
			targets = (
				1431F4C51BB4E2A1005149D5 /* TestPro */,
				1431F4E11BB4E2A2005149D5 /* TestProTests */,
				1431F4EC1BB4E2A2005149D5 /* TestProUITests */,
			);
		};
/* End PBXProject section */

/* Begin PBXResourcesBuildPhase section */
		1431F4C41BB4E2A1005149D5 /* Resources */ = {
			isa = PBXResourcesBuildPhase;
			buildActionMask = 2147483647;
			files = (
				14E64B2B1BB542FD00CD1647 /* 1938.m4v in Resources */,
				14AE2E4A1BB8D37300833840 /* 1938.mp4 in Resources */,
				1431F4DC1BB4E2A2005149D5 /* LaunchScreen.storyboard in Resources */,
				1431F4D91BB4E2A2005149D5 /* Assets.xcassets in Resources */,
				14AE2E4C1BB8DAEC00833840 /* 122.mov in Resources */,
				1431F4D41BB4E2A2005149D5 /* Main.storyboard in Resources */,
			);
			runOnlyForDeploymentPostprocessing = 0;
		};
		1431F4E01BB4E2A2005149D5 /* Resources */ = {
			isa = PBXResourcesBuildPhase;
			buildActionMask = 2147483647;
			files = (
			);
			runOnlyForDeploymentPostprocessing = 0;
		};
		1431F4EB1BB4E2A2005149D5 /* Resources */ = {
			isa = PBXResourcesBuildPhase;
			buildActionMask = 2147483647;
			files = (
			);
			runOnlyForDeploymentPostprocessing = 0;
		};
/* End PBXResourcesBuildPhase section */

/* Begin PBXSourcesBuildPhase section */
		1431F4C21BB4E2A1005149D5 /* Sources */ = {
			isa = PBXSourcesBuildPhase;
			buildActionMask = 2147483647;
			files = (
				14E64B1F1BB53F3200CD1647 /* SCRecorderFocusTargetView.m in Sources */,
				14E64B101BB53F3200CD1647 /* CIImageRendererUtils.m in Sources */,
				14E64B151BB53F3200CD1647 /* SCFilter.m in Sources */,
				1431F4D11BB4E2A2005149D5 /* ViewController.m in Sources */,
				14E64B141BB53F3200CD1647 /* SCContext.m in Sources */,
				14E64B131BB53F3200CD1647 /* SCAudioTools.m in Sources */,
				14E64B1C1BB53F3200CD1647 /* SCPlayer.m in Sources */,
				14E64B1D1BB53F3200CD1647 /* SCProcessingQueue.m in Sources */,
				1431F4D71BB4E2A2005149D5 /* TestPro.xcdatamodeld in Sources */,
				14E64B191BB53F3200CD1647 /* SCIOPixelBuffers.m in Sources */,
				14E64B211BB53F3200CD1647 /* SCRecorderToolsView.m in Sources */,
				14E64B271BB53F3200CD1647 /* SCVideoPlayerView.m in Sources */,
				14E64B161BB53F3200CD1647 /* SCFilterAnimation.m in Sources */,
				14E64B221BB53F3200CD1647 /* SCRecordSession.m in Sources */,
				14E64B181BB53F3200CD1647 /* SCImageView.m in Sources */,
				14E64B1B1BB53F3200CD1647 /* SCPhotoConfiguration.m in Sources */,
				14E64B231BB53F3200CD1647 /* SCRecordSessionSegment.m in Sources */,
				14E64B201BB53F3200CD1647 /* SCRecorderTools.m in Sources */,
				14E64B261BB53F3200CD1647 /* SCVideoConfiguration.m in Sources */,
				14E64B111BB53F3200CD1647 /* SCAssetExportSession.m in Sources */,
				14E64B1A1BB53F3200CD1647 /* SCMediaTypeConfiguration.m in Sources */,
				14E64B1E1BB53F3200CD1647 /* SCRecorder.m in Sources */,
				1431F4CE1BB4E2A2005149D5 /* AppDelegate.m in Sources */,
				14E64B171BB53F3200CD1647 /* SCFilterSelectorView.m in Sources */,
				14E64B241BB53F3200CD1647 /* SCSampleBufferHolder.m in Sources */,
				14E64B281BB53F3200CD1647 /* SCWeakSelectorTarget.m in Sources */,
				14E64B251BB53F3200CD1647 /* SCSwipeableFilterView.m in Sources */,
				1431F4CB1BB4E2A2005149D5 /* main.m in Sources */,
				14E64B121BB53F3200CD1647 /* SCAudioConfiguration.m in Sources */,
			);
			runOnlyForDeploymentPostprocessing = 0;
		};
		1431F4DE1BB4E2A2005149D5 /* Sources */ = {
			isa = PBXSourcesBuildPhase;
			buildActionMask = 2147483647;
			files = (
				1431F4E71BB4E2A2005149D5 /* TestProTests.m in Sources */,
			);
			runOnlyForDeploymentPostprocessing = 0;
		};
		1431F4E91BB4E2A2005149D5 /* Sources */ = {
			isa = PBXSourcesBuildPhase;
			buildActionMask = 2147483647;
			files = (
				1431F4F21BB4E2A2005149D5 /* TestProUITests.m in Sources */,
			);
			runOnlyForDeploymentPostprocessing = 0;
		};
/* End PBXSourcesBuildPhase section */

/* Begin PBXTargetDependency section */
		1431F4E41BB4E2A2005149D5 /* PBXTargetDependency */ = {
			isa = PBXTargetDependency;
			target = 1431F4C51BB4E2A1005149D5 /* TestPro */;
			targetProxy = 1431F4E31BB4E2A2005149D5 /* PBXContainerItemProxy */;
		};
		1431F4EF1BB4E2A2005149D5 /* PBXTargetDependency */ = {
			isa = PBXTargetDependency;
			target = 1431F4C51BB4E2A1005149D5 /* TestPro */;
			targetProxy = 1431F4EE1BB4E2A2005149D5 /* PBXContainerItemProxy */;
		};
/* End PBXTargetDependency section */

/* Begin PBXVariantGroup section */
		1431F4D21BB4E2A2005149D5 /* Main.storyboard */ = {
			isa = PBXVariantGroup;
			children = (
				1431F4D31BB4E2A2005149D5 /* Base */,
			);
			name = Main.storyboard;
			sourceTree = "<group>";
		};
		1431F4DA1BB4E2A2005149D5 /* LaunchScreen.storyboard */ = {
			isa = PBXVariantGroup;
			children = (
				1431F4DB1BB4E2A2005149D5 /* Base */,
			);
			name = LaunchScreen.storyboard;
			sourceTree = "<group>";
		};
/* End PBXVariantGroup section */

/* Begin XCBuildConfiguration section */
		1431F4F41BB4E2A2005149D5 /* Debug */ = {
			isa = XCBuildConfiguration;
			buildSettings = {
				ALWAYS_SEARCH_USER_PATHS = NO;
				CLANG_CXX_LANGUAGE_STANDARD = "gnu++0x";
				CLANG_CXX_LIBRARY = "libc++";
				CLANG_ENABLE_MODULES = YES;
				CLANG_ENABLE_OBJC_ARC = YES;
				CLANG_WARN_BOOL_CONVERSION = YES;
				CLANG_WARN_CONSTANT_CONVERSION = YES;
				CLANG_WARN_DIRECT_OBJC_ISA_USAGE = YES_ERROR;
				CLANG_WARN_EMPTY_BODY = YES;
				CLANG_WARN_ENUM_CONVERSION = YES;
				CLANG_WARN_INT_CONVERSION = YES;
				CLANG_WARN_OBJC_ROOT_CLASS = YES_ERROR;
				CLANG_WARN_UNREACHABLE_CODE = YES;
				CLANG_WARN__DUPLICATE_METHOD_MATCH = YES;
				"CODE_SIGN_IDENTITY[sdk=iphoneos*]" = "iPhone Developer";
				COPY_PHASE_STRIP = NO;
				DEBUG_INFORMATION_FORMAT = dwarf;
				ENABLE_STRICT_OBJC_MSGSEND = YES;
				ENABLE_TESTABILITY = YES;
				GCC_C_LANGUAGE_STANDARD = gnu99;
				GCC_DYNAMIC_NO_PIC = NO;
				GCC_NO_COMMON_BLOCKS = YES;
				GCC_OPTIMIZATION_LEVEL = 0;
				GCC_PREPROCESSOR_DEFINITIONS = (
					"DEBUG=1",
					"$(inherited)",
				);
				GCC_WARN_64_TO_32_BIT_CONVERSION = YES;
				GCC_WARN_ABOUT_RETURN_TYPE = YES_ERROR;
				GCC_WARN_UNDECLARED_SELECTOR = YES;
				GCC_WARN_UNINITIALIZED_AUTOS = YES_AGGRESSIVE;
				GCC_WARN_UNUSED_FUNCTION = YES;
				GCC_WARN_UNUSED_VARIABLE = YES;
				IPHONEOS_DEPLOYMENT_TARGET = 9.0;
				MTL_ENABLE_DEBUG_INFO = YES;
				ONLY_ACTIVE_ARCH = YES;
				SDKROOT = iphoneos;
			};
			name = Debug;
		};
		1431F4F51BB4E2A2005149D5 /* Release */ = {
			isa = XCBuildConfiguration;
			buildSettings = {
				ALWAYS_SEARCH_USER_PATHS = NO;
				CLANG_CXX_LANGUAGE_STANDARD = "gnu++0x";
				CLANG_CXX_LIBRARY = "libc++";
				CLANG_ENABLE_MODULES = YES;
				CLANG_ENABLE_OBJC_ARC = YES;
				CLANG_WARN_BOOL_CONVERSION = YES;
				CLANG_WARN_CONSTANT_CONVERSION = YES;
				CLANG_WARN_DIRECT_OBJC_ISA_USAGE = YES_ERROR;
				CLANG_WARN_EMPTY_BODY = YES;
				CLANG_WARN_ENUM_CONVERSION = YES;
				CLANG_WARN_INT_CONVERSION = YES;
				CLANG_WARN_OBJC_ROOT_CLASS = YES_ERROR;
				CLANG_WARN_UNREACHABLE_CODE = YES;
				CLANG_WARN__DUPLICATE_METHOD_MATCH = YES;
				"CODE_SIGN_IDENTITY[sdk=iphoneos*]" = "iPhone Developer";
				COPY_PHASE_STRIP = NO;
				DEBUG_INFORMATION_FORMAT = "dwarf-with-dsym";
				ENABLE_NS_ASSERTIONS = NO;
				ENABLE_STRICT_OBJC_MSGSEND = YES;
				GCC_C_LANGUAGE_STANDARD = gnu99;
				GCC_NO_COMMON_BLOCKS = YES;
				GCC_WARN_64_TO_32_BIT_CONVERSION = YES;
				GCC_WARN_ABOUT_RETURN_TYPE = YES_ERROR;
				GCC_WARN_UNDECLARED_SELECTOR = YES;
				GCC_WARN_UNINITIALIZED_AUTOS = YES_AGGRESSIVE;
				GCC_WARN_UNUSED_FUNCTION = YES;
				GCC_WARN_UNUSED_VARIABLE = YES;
				IPHONEOS_DEPLOYMENT_TARGET = 9.0;
				MTL_ENABLE_DEBUG_INFO = NO;
				SDKROOT = iphoneos;
				VALIDATE_PRODUCT = YES;
			};
			name = Release;
		};
		1431F4F71BB4E2A2005149D5 /* Debug */ = {
			isa = XCBuildConfiguration;
			buildSettings = {
				ASSETCATALOG_COMPILER_APPICON_NAME = AppIcon;
				INFOPLIST_FILE = TestPro/Info.plist;
				LD_RUNPATH_SEARCH_PATHS = "$(inherited) @executable_path/Frameworks";
				PRODUCT_BUNDLE_IDENTIFIER = com.XY.TestPro;
				PRODUCT_NAME = "$(TARGET_NAME)";
			};
			name = Debug;
		};
		1431F4F81BB4E2A2005149D5 /* Release */ = {
			isa = XCBuildConfiguration;
			buildSettings = {
				ASSETCATALOG_COMPILER_APPICON_NAME = AppIcon;
				INFOPLIST_FILE = TestPro/Info.plist;
				LD_RUNPATH_SEARCH_PATHS = "$(inherited) @executable_path/Frameworks";
				PRODUCT_BUNDLE_IDENTIFIER = com.XY.TestPro;
				PRODUCT_NAME = "$(TARGET_NAME)";
			};
			name = Release;
		};
		1431F4FA1BB4E2A2005149D5 /* Debug */ = {
			isa = XCBuildConfiguration;
			buildSettings = {
				BUNDLE_LOADER = "$(TEST_HOST)";
				INFOPLIST_FILE = TestProTests/Info.plist;
				LD_RUNPATH_SEARCH_PATHS = "$(inherited) @executable_path/Frameworks @loader_path/Frameworks";
				PRODUCT_BUNDLE_IDENTIFIER = com.XY.TestProTests;
				PRODUCT_NAME = "$(TARGET_NAME)";
				TEST_HOST = "$(BUILT_PRODUCTS_DIR)/TestPro.app/TestPro";
			};
			name = Debug;
		};
		1431F4FB1BB4E2A2005149D5 /* Release */ = {
			isa = XCBuildConfiguration;
			buildSettings = {
				BUNDLE_LOADER = "$(TEST_HOST)";
				INFOPLIST_FILE = TestProTests/Info.plist;
				LD_RUNPATH_SEARCH_PATHS = "$(inherited) @executable_path/Frameworks @loader_path/Frameworks";
				PRODUCT_BUNDLE_IDENTIFIER = com.XY.TestProTests;
				PRODUCT_NAME = "$(TARGET_NAME)";
				TEST_HOST = "$(BUILT_PRODUCTS_DIR)/TestPro.app/TestPro";
			};
			name = Release;
		};
		1431F4FD1BB4E2A2005149D5 /* Debug */ = {
			isa = XCBuildConfiguration;
			buildSettings = {
				INFOPLIST_FILE = TestProUITests/Info.plist;
				LD_RUNPATH_SEARCH_PATHS = "$(inherited) @executable_path/Frameworks @loader_path/Frameworks";
				PRODUCT_BUNDLE_IDENTIFIER = com.XY.TestProUITests;
				PRODUCT_NAME = "$(TARGET_NAME)";
				TEST_TARGET_NAME = TestPro;
				USES_XCTRUNNER = YES;
			};
			name = Debug;
		};
		1431F4FE1BB4E2A2005149D5 /* Release */ = {
			isa = XCBuildConfiguration;
			buildSettings = {
				INFOPLIST_FILE = TestProUITests/Info.plist;
				LD_RUNPATH_SEARCH_PATHS = "$(inherited) @executable_path/Frameworks @loader_path/Frameworks";
				PRODUCT_BUNDLE_IDENTIFIER = com.XY.TestProUITests;
				PRODUCT_NAME = "$(TARGET_NAME)";
				TEST_TARGET_NAME = TestPro;
				USES_XCTRUNNER = YES;
			};
			name = Release;
		};
/* End XCBuildConfiguration section */

/* Begin XCConfigurationList section */
		1431F4C11BB4E2A1005149D5 /* Build configuration list for PBXProject "TestPro" */ = {
			isa = XCConfigurationList;
			buildConfigurations = (
				1431F4F41BB4E2A2005149D5 /* Debug */,
				1431F4F51BB4E2A2005149D5 /* Release */,
			);
			defaultConfigurationIsVisible = 0;
			defaultConfigurationName = Release;
		};
		1431F4F61BB4E2A2005149D5 /* Build configuration list for PBXNativeTarget "TestPro" */ = {
			isa = XCConfigurationList;
			buildConfigurations = (
				1431F4F71BB4E2A2005149D5 /* Debug */,
				1431F4F81BB4E2A2005149D5 /* Release */,
			);
			defaultConfigurationIsVisible = 0;
			defaultConfigurationName = Release;
		};
		1431F4F91BB4E2A2005149D5 /* Build configuration list for PBXNativeTarget "TestProTests" */ = {
			isa = XCConfigurationList;
			buildConfigurations = (
				1431F4FA1BB4E2A2005149D5 /* Debug */,
				1431F4FB1BB4E2A2005149D5 /* Release */,
			);
			defaultConfigurationIsVisible = 0;
			defaultConfigurationName = Release;
		};
		1431F4FC1BB4E2A2005149D5 /* Build configuration list for PBXNativeTarget "TestProUITests" */ = {
			isa = XCConfigurationList;
			buildConfigurations = (
				1431F4FD1BB4E2A2005149D5 /* Debug */,
				1431F4FE1BB4E2A2005149D5 /* Release */,
			);
			defaultConfigurationIsVisible = 0;
			defaultConfigurationName = Release;
		};
/* End XCConfigurationList section */

/* Begin XCVersionGroup section */
		1431F4D51BB4E2A2005149D5 /* TestPro.xcdatamodeld */ = {
			isa = XCVersionGroup;
			children = (
				1431F4D61BB4E2A2005149D5 /* TestPro.xcdatamodel */,
			);
			currentVersion = 1431F4D61BB4E2A2005149D5 /* TestPro.xcdatamodel */;
			path = TestPro.xcdatamodeld;
			sourceTree = "<group>";
			versionGroupType = wrapper.xcdatamodel;
		};
/* End XCVersionGroup section */
	};
	rootObject = 1431F4BE1BB4E2A1005149D5 /* Project object */;
}
